// !$*UTF8*$!
{
	archiveVersion = 1;
	classes = {
	};
	objectVersion = 56;
	objects = {

/* Begin PBXBuildFile section */
		8F0F5B002A332CD80027F96F /* RegistrationUtility.swift in Sources */ = {isa = PBXBuildFile; fileRef = 8F0F5AFF2A332CD80027F96F /* RegistrationUtility.swift */; };
		8F0F5B022A332CF00027F96F /* ProductUtility.swift in Sources */ = {isa = PBXBuildFile; fileRef = 8F0F5B012A332CF00027F96F /* ProductUtility.swift */; };
		8F0F5B042A332CFF0027F96F /* CartUtility.swift in Sources */ = {isa = PBXBuildFile; fileRef = 8F0F5B032A332CFF0027F96F /* CartUtility.swift */; };
		8F81D92B2A2F074A00EF1401 /* AppDelegate.swift in Sources */ = {isa = PBXBuildFile; fileRef = 8F81D92A2A2F074A00EF1401 /* AppDelegate.swift */; };
		8F81D92D2A2F074A00EF1401 /* SceneDelegate.swift in Sources */ = {isa = PBXBuildFile; fileRef = 8F81D92C2A2F074A00EF1401 /* SceneDelegate.swift */; };
		8F81D92F2A2F074A00EF1401 /* ViewController.swift in Sources */ = {isa = PBXBuildFile; fileRef = 8F81D92E2A2F074A00EF1401 /* ViewController.swift */; };
		8F81D9322A2F074A00EF1401 /* Main.storyboard in Resources */ = {isa = PBXBuildFile; fileRef = 8F81D9302A2F074A00EF1401 /* Main.storyboard */; };
		8F81D9352A2F074B00EF1401 /* Shopping_Cart.xcdatamodeld in Sources */ = {isa = PBXBuildFile; fileRef = 8F81D9332A2F074B00EF1401 /* Shopping_Cart.xcdatamodeld */; };
		8F81D9372A2F074D00EF1401 /* Assets.xcassets in Resources */ = {isa = PBXBuildFile; fileRef = 8F81D9362A2F074D00EF1401 /* Assets.xcassets */; };
		8F81D93A2A2F074D00EF1401 /* LaunchScreen.storyboard in Resources */ = {isa = PBXBuildFile; fileRef = 8F81D9382A2F074D00EF1401 /* LaunchScreen.storyboard */; };
		8F81D9452A2F074D00EF1401 /* Shopping_CartTests.swift in Sources */ = {isa = PBXBuildFile; fileRef = 8F81D9442A2F074D00EF1401 /* Shopping_CartTests.swift */; };
		8F81D94F2A2F074D00EF1401 /* Shopping_CartUITests.swift in Sources */ = {isa = PBXBuildFile; fileRef = 8F81D94E2A2F074D00EF1401 /* Shopping_CartUITests.swift */; };
		8F81D9512A2F074D00EF1401 /* Shopping_CartUITestsLaunchTests.swift in Sources */ = {isa = PBXBuildFile; fileRef = 8F81D9502A2F074D00EF1401 /* Shopping_CartUITestsLaunchTests.swift */; };
/* End PBXBuildFile section */

/* Begin PBXContainerItemProxy section */
		8F81D9412A2F074D00EF1401 /* PBXContainerItemProxy */ = {
			isa = PBXContainerItemProxy;
			containerPortal = 8F81D91F2A2F074A00EF1401 /* Project object */;
			proxyType = 1;
			remoteGlobalIDString = 8F81D9262A2F074A00EF1401;
			remoteInfo = "Shopping Cart";
		};
		8F81D94B2A2F074D00EF1401 /* PBXContainerItemProxy */ = {
			isa = PBXContainerItemProxy;
			containerPortal = 8F81D91F2A2F074A00EF1401 /* Project object */;
			proxyType = 1;
			remoteGlobalIDString = 8F81D9262A2F074A00EF1401;
			remoteInfo = "Shopping Cart";
		};
/* End PBXContainerItemProxy section */

/* Begin PBXFileReference section */
		8F0F5AFF2A332CD80027F96F /* RegistrationUtility.swift */ = {isa = PBXFileReference; lastKnownFileType = sourcecode.swift; path = RegistrationUtility.swift; sourceTree = "<group>"; };
		8F0F5B012A332CF00027F96F /* ProductUtility.swift */ = {isa = PBXFileReference; lastKnownFileType = sourcecode.swift; path = ProductUtility.swift; sourceTree = "<group>"; };
		8F0F5B032A332CFF0027F96F /* CartUtility.swift */ = {isa = PBXFileReference; lastKnownFileType = sourcecode.swift; path = CartUtility.swift; sourceTree = "<group>"; };
		8F81D9272A2F074A00EF1401 /* Shopping Cart.app */ = {isa = PBXFileReference; explicitFileType = wrapper.application; includeInIndex = 0; path = "Shopping Cart.app"; sourceTree = BUILT_PRODUCTS_DIR; };
		8F81D92A2A2F074A00EF1401 /* AppDelegate.swift */ = {isa = PBXFileReference; lastKnownFileType = sourcecode.swift; path = AppDelegate.swift; sourceTree = "<group>"; };
		8F81D92C2A2F074A00EF1401 /* SceneDelegate.swift */ = {isa = PBXFileReference; lastKnownFileType = sourcecode.swift; path = SceneDelegate.swift; sourceTree = "<group>"; };
		8F81D92E2A2F074A00EF1401 /* ViewController.swift */ = {isa = PBXFileReference; lastKnownFileType = sourcecode.swift; path = ViewController.swift; sourceTree = "<group>"; };
		8F81D9312A2F074A00EF1401 /* Base */ = {isa = PBXFileReference; lastKnownFileType = file.storyboard; name = Base; path = Base.lproj/Main.storyboard; sourceTree = "<group>"; };
		8F81D9342A2F074B00EF1401 /* Shopping_Cart.xcdatamodel */ = {isa = PBXFileReference; lastKnownFileType = wrapper.xcdatamodel; path = Shopping_Cart.xcdatamodel; sourceTree = "<group>"; };
		8F81D9362A2F074D00EF1401 /* Assets.xcassets */ = {isa = PBXFileReference; lastKnownFileType = folder.assetcatalog; path = Assets.xcassets; sourceTree = "<group>"; };
		8F81D9392A2F074D00EF1401 /* Base */ = {isa = PBXFileReference; lastKnownFileType = file.storyboard; name = Base; path = Base.lproj/LaunchScreen.storyboard; sourceTree = "<group>"; };
		8F81D93B2A2F074D00EF1401 /* Info.plist */ = {isa = PBXFileReference; lastKnownFileType = text.plist.xml; path = Info.plist; sourceTree = "<group>"; };
		8F81D9402A2F074D00EF1401 /* Shopping CartTests.xctest */ = {isa = PBXFileReference; explicitFileType = wrapper.cfbundle; includeInIndex = 0; path = "Shopping CartTests.xctest"; sourceTree = BUILT_PRODUCTS_DIR; };
		8F81D9442A2F074D00EF1401 /* Shopping_CartTests.swift */ = {isa = PBXFileReference; lastKnownFileType = sourcecode.swift; path = Shopping_CartTests.swift; sourceTree = "<group>"; };
		8F81D94A2A2F074D00EF1401 /* Shopping CartUITests.xctest */ = {isa = PBXFileReference; explicitFileType = wrapper.cfbundle; includeInIndex = 0; path = "Shopping CartUITests.xctest"; sourceTree = BUILT_PRODUCTS_DIR; };
		8F81D94E2A2F074D00EF1401 /* Shopping_CartUITests.swift */ = {isa = PBXFileReference; lastKnownFileType = sourcecode.swift; path = Shopping_CartUITests.swift; sourceTree = "<group>"; };
		8F81D9502A2F074D00EF1401 /* Shopping_CartUITestsLaunchTests.swift */ = {isa = PBXFileReference; lastKnownFileType = sourcecode.swift; path = Shopping_CartUITestsLaunchTests.swift; sourceTree = "<group>"; };
/* End PBXFileReference section */

/* Begin PBXFrameworksBuildPhase section */
		8F81D9242A2F074A00EF1401 /* Frameworks */ = {
			isa = PBXFrameworksBuildPhase;
			buildActionMask = 2147483647;
			files = (
			);
			runOnlyForDeploymentPostprocessing = 0;
		};
		8F81D93D2A2F074D00EF1401 /* Frameworks */ = {
			isa = PBXFrameworksBuildPhase;
			buildActionMask = 2147483647;
			files = (
			);
			runOnlyForDeploymentPostprocessing = 0;
		};
		8F81D9472A2F074D00EF1401 /* Frameworks */ = {
			isa = PBXFrameworksBuildPhase;
			buildActionMask = 2147483647;
			files = (
			);
			runOnlyForDeploymentPostprocessing = 0;
		};
/* End PBXFrameworksBuildPhase section */

/* Begin PBXGroup section */
		8F81D91E2A2F074A00EF1401 = {
			isa = PBXGroup;
			children = (
				8F81D9292A2F074A00EF1401 /* Shopping Cart */,
				8F81D9432A2F074D00EF1401 /* Shopping CartTests */,
				8F81D94D2A2F074D00EF1401 /* Shopping CartUITests */,
				8F81D9282A2F074A00EF1401 /* Products */,
			);
			sourceTree = "<group>";
		};
		8F81D9282A2F074A00EF1401 /* Products */ = {
			isa = PBXGroup;
			children = (
				8F81D9272A2F074A00EF1401 /* Shopping Cart.app */,
				8F81D9402A2F074D00EF1401 /* Shopping CartTests.xctest */,
				8F81D94A2A2F074D00EF1401 /* Shopping CartUITests.xctest */,
			);
			name = Products;
			sourceTree = "<group>";
		};
		8F81D9292A2F074A00EF1401 /* Shopping Cart */ = {
			isa = PBXGroup;
			children = (
				8F81D92A2A2F074A00EF1401 /* AppDelegate.swift */,
				8F81D92C2A2F074A00EF1401 /* SceneDelegate.swift */,
				8F81D92E2A2F074A00EF1401 /* ViewController.swift */,
				8F81D9302A2F074A00EF1401 /* Main.storyboard */,
				8F81D9362A2F074D00EF1401 /* Assets.xcassets */,
				8F81D9382A2F074D00EF1401 /* LaunchScreen.storyboard */,
				8F81D93B2A2F074D00EF1401 /* Info.plist */,
				8F81D9332A2F074B00EF1401 /* Shopping_Cart.xcdatamodeld */,
				8F0F5AFF2A332CD80027F96F /* RegistrationUtility.swift */,
				8F0F5B012A332CF00027F96F /* ProductUtility.swift */,
				8F0F5B032A332CFF0027F96F /* CartUtility.swift */,
			);
			path = "Shopping Cart";
			sourceTree = "<group>";
		};
		8F81D9432A2F074D00EF1401 /* Shopping CartTests */ = {
			isa = PBXGroup;
			children = (
				8F81D9442A2F074D00EF1401 /* Shopping_CartTests.swift */,
			);
			path = "Shopping CartTests";
			sourceTree = "<group>";
		};
		8F81D94D2A2F074D00EF1401 /* Shopping CartUITests */ = {
			isa = PBXGroup;
			children = (
				8F81D94E2A2F074D00EF1401 /* Shopping_CartUITests.swift */,
				8F81D9502A2F074D00EF1401 /* Shopping_CartUITestsLaunchTests.swift */,
			);
			path = "Shopping CartUITests";
			sourceTree = "<group>";
		};
/* End PBXGroup section */

/* Begin PBXNativeTarget section */
		8F81D9262A2F074A00EF1401 /* Shopping Cart */ = {
			isa = PBXNativeTarget;
			buildConfigurationList = 8F81D9542A2F074D00EF1401 /* Build configuration list for PBXNativeTarget "Shopping Cart" */;
			buildPhases = (
				8F81D9232A2F074A00EF1401 /* Sources */,
				8F81D9242A2F074A00EF1401 /* Frameworks */,
				8F81D9252A2F074A00EF1401 /* Resources */,
			);
			buildRules = (
			);
			dependencies = (
			);
			name = "Shopping Cart";
			productName = "Shopping Cart";
			productReference = 8F81D9272A2F074A00EF1401 /* Shopping Cart.app */;
			productType = "com.apple.product-type.application";
		};
		8F81D93F2A2F074D00EF1401 /* Shopping CartTests */ = {
			isa = PBXNativeTarget;
			buildConfigurationList = 8F81D9572A2F074D00EF1401 /* Build configuration list for PBXNativeTarget "Shopping CartTests" */;
			buildPhases = (
				8F81D93C2A2F074D00EF1401 /* Sources */,
				8F81D93D2A2F074D00EF1401 /* Frameworks */,
				8F81D93E2A2F074D00EF1401 /* Resources */,
			);
			buildRules = (
			);
			dependencies = (
				8F81D9422A2F074D00EF1401 /* PBXTargetDependency */,
			);
			name = "Shopping CartTests";
			productName = "Shopping CartTests";
			productReference = 8F81D9402A2F074D00EF1401 /* Shopping CartTests.xctest */;
			productType = "com.apple.product-type.bundle.unit-test";
		};
		8F81D9492A2F074D00EF1401 /* Shopping CartUITests */ = {
			isa = PBXNativeTarget;
			buildConfigurationList = 8F81D95A2A2F074D00EF1401 /* Build configuration list for PBXNativeTarget "Shopping CartUITests" */;
			buildPhases = (
				8F81D9462A2F074D00EF1401 /* Sources */,
				8F81D9472A2F074D00EF1401 /* Frameworks */,
				8F81D9482A2F074D00EF1401 /* Resources */,
			);
			buildRules = (
			);
			dependencies = (
				8F81D94C2A2F074D00EF1401 /* PBXTargetDependency */,
			);
			name = "Shopping CartUITests";
			productName = "Shopping CartUITests";
			productReference = 8F81D94A2A2F074D00EF1401 /* Shopping CartUITests.xctest */;
			productType = "com.apple.product-type.bundle.ui-testing";
		};
/* End PBXNativeTarget section */

/* Begin PBXProject section */
		8F81D91F2A2F074A00EF1401 /* Project object */ = {
			isa = PBXProject;
			attributes = {
				BuildIndependentTargetsInParallel = 1;
				LastSwiftUpdateCheck = 1420;
				LastUpgradeCheck = 1420;
				TargetAttributes = {
					8F81D9262A2F074A00EF1401 = {
						CreatedOnToolsVersion = 14.2;
					};
					8F81D93F2A2F074D00EF1401 = {
						CreatedOnToolsVersion = 14.2;
						TestTargetID = 8F81D9262A2F074A00EF1401;
					};
					8F81D9492A2F074D00EF1401 = {
						CreatedOnToolsVersion = 14.2;
						TestTargetID = 8F81D9262A2F074A00EF1401;
					};
				};
			};
			buildConfigurationList = 8F81D9222A2F074A00EF1401 /* Build configuration list for PBXProject "Shopping Cart" */;
			compatibilityVersion = "Xcode 14.0";
			developmentRegion = en;
			hasScannedForEncodings = 0;
			knownRegions = (
				en,
				Base,
			);
			mainGroup = 8F81D91E2A2F074A00EF1401;
			productRefGroup = 8F81D9282A2F074A00EF1401 /* Products */;
			projectDirPath = "";
			projectRoot = "";
			targets = (
				8F81D9262A2F074A00EF1401 /* Shopping Cart */,
				8F81D93F2A2F074D00EF1401 /* Shopping CartTests */,
				8F81D9492A2F074D00EF1401 /* Shopping CartUITests */,
			);
		};
/* End PBXProject section */

/* Begin PBXResourcesBuildPhase section */
		8F81D9252A2F074A00EF1401 /* Resources */ = {
			isa = PBXResourcesBuildPhase;
			buildActionMask = 2147483647;
			files = (
				8F81D93A2A2F074D00EF1401 /* LaunchScreen.storyboard in Resources */,
				8F81D9372A2F074D00EF1401 /* Assets.xcassets in Resources */,
				8F81D9322A2F074A00EF1401 /* Main.storyboard in Resources */,
			);
			runOnlyForDeploymentPostprocessing = 0;
		};
		8F81D93E2A2F074D00EF1401 /* Resources */ = {
			isa = PBXResourcesBuildPhase;
			buildActionMask = 2147483647;
			files = (
			);
			runOnlyForDeploymentPostprocessing = 0;
		};
		8F81D9482A2F074D00EF1401 /* Resources */ = {
			isa = PBXResourcesBuildPhase;
			buildActionMask = 2147483647;
			files = (
			);
			runOnlyForDeploymentPostprocessing = 0;
		};
/* End PBXResourcesBuildPhase section */

/* Begin PBXSourcesBuildPhase section */
		8F81D9232A2F074A00EF1401 /* Sources */ = {
			isa = PBXSourcesBuildPhase;
			buildActionMask = 2147483647;
			files = (
				8F81D92F2A2F074A00EF1401 /* ViewController.swift in Sources */,
				8F81D92B2A2F074A00EF1401 /* AppDelegate.swift in Sources */,
				8F81D92D2A2F074A00EF1401 /* SceneDelegate.swift in Sources */,
				8F81D9352A2F074B00EF1401 /* Shopping_Cart.xcdatamodeld in Sources */,
				8F0F5B022A332CF00027F96F /* ProductUtility.swift in Sources */,
				8F0F5B042A332CFF0027F96F /* CartUtility.swift in Sources */,
				8F0F5B002A332CD80027F96F /* RegistrationUtility.swift in Sources */,
			);
			runOnlyForDeploymentPostprocessing = 0;
		};
		8F81D93C2A2F074D00EF1401 /* Sources */ = {
			isa = PBXSourcesBuildPhase;
			buildActionMask = 2147483647;
			files = (
				8F81D9452A2F074D00EF1401 /* Shopping_CartTests.swift in Sources */,
			);
			runOnlyForDeploymentPostprocessing = 0;
		};
		8F81D9462A2F074D00EF1401 /* Sources */ = {
			isa = PBXSourcesBuildPhase;
			buildActionMask = 2147483647;
			files = (
				8F81D9512A2F074D00EF1401 /* Shopping_CartUITestsLaunchTests.swift in Sources */,
				8F81D94F2A2F074D00EF1401 /* Shopping_CartUITests.swift in Sources */,
			);
			runOnlyForDeploymentPostprocessing = 0;
		};
/* End PBXSourcesBuildPhase section */

/* Begin PBXTargetDependency section */
		8F81D9422A2F074D00EF1401 /* PBXTargetDependency */ = {
			isa = PBXTargetDependency;
			target = 8F81D9262A2F074A00EF1401 /* Shopping Cart */;
			targetProxy = 8F81D9412A2F074D00EF1401 /* PBXContainerItemProxy */;
		};
		8F81D94C2A2F074D00EF1401 /* PBXTargetDependency */ = {
			isa = PBXTargetDependency;
			target = 8F81D9262A2F074A00EF1401 /* Shopping Cart */;
			targetProxy = 8F81D94B2A2F074D00EF1401 /* PBXContainerItemProxy */;
		};
/* End PBXTargetDependency section */

/* Begin PBXVariantGroup section */
		8F81D9302A2F074A00EF1401 /* Main.storyboard */ = {
			isa = PBXVariantGroup;
			children = (
				8F81D9312A2F074A00EF1401 /* Base */,
			);
			name = Main.storyboard;
			sourceTree = "<group>";
		};
		8F81D9382A2F074D00EF1401 /* LaunchScreen.storyboard */ = {
			isa = PBXVariantGroup;
			children = (
				8F81D9392A2F074D00EF1401 /* Base */,
			);
			name = LaunchScreen.storyboard;
			sourceTree = "<group>";
		};
/* End PBXVariantGroup section */

/* Begin XCBuildConfiguration section */
		8F81D9522A2F074D00EF1401 /* Debug */ = {
			isa = XCBuildConfiguration;
			buildSettings = {
				ALWAYS_SEARCH_USER_PATHS = NO;
				CLANG_ANALYZER_NONNULL = YES;
				CLANG_ANALYZER_NUMBER_OBJECT_CONVERSION = YES_AGGRESSIVE;
				CLANG_CXX_LANGUAGE_STANDARD = "gnu++20";
				CLANG_ENABLE_MODULES = YES;
				CLANG_ENABLE_OBJC_ARC = YES;
				CLANG_ENABLE_OBJC_WEAK = YES;
				CLANG_WARN_BLOCK_CAPTURE_AUTORELEASING = YES;
				CLANG_WARN_BOOL_CONVERSION = YES;
				CLANG_WARN_COMMA = YES;
				CLANG_WARN_CONSTANT_CONVERSION = YES;
				CLANG_WARN_DEPRECATED_OBJC_IMPLEMENTATIONS = YES;
				CLANG_WARN_DIRECT_OBJC_ISA_USAGE = YES_ERROR;
				CLANG_WARN_DOCUMENTATION_COMMENTS = YES;
				CLANG_WARN_EMPTY_BODY = YES;
				CLANG_WARN_ENUM_CONVERSION = YES;
				CLANG_WARN_INFINITE_RECURSION = YES;
				CLANG_WARN_INT_CONVERSION = YES;
				CLANG_WARN_NON_LITERAL_NULL_CONVERSION = YES;
				CLANG_WARN_OBJC_IMPLICIT_RETAIN_SELF = YES;
				CLANG_WARN_OBJC_LITERAL_CONVERSION = YES;
				CLANG_WARN_OBJC_ROOT_CLASS = YES_ERROR;
				CLANG_WARN_QUOTED_INCLUDE_IN_FRAMEWORK_HEADER = YES;
				CLANG_WARN_RANGE_LOOP_ANALYSIS = YES;
				CLANG_WARN_STRICT_PROTOTYPES = YES;
				CLANG_WARN_SUSPICIOUS_MOVE = YES;
				CLANG_WARN_UNGUARDED_AVAILABILITY = YES_AGGRESSIVE;
				CLANG_WARN_UNREACHABLE_CODE = YES;
				CLANG_WARN__DUPLICATE_METHOD_MATCH = YES;
				COPY_PHASE_STRIP = NO;
				DEBUG_INFORMATION_FORMAT = dwarf;
				ENABLE_STRICT_OBJC_MSGSEND = YES;
				ENABLE_TESTABILITY = YES;
				GCC_C_LANGUAGE_STANDARD = gnu11;
				GCC_DYNAMIC_NO_PIC = NO;
				GCC_NO_COMMON_BLOCKS = YES;
				GCC_OPTIMIZATION_LEVEL = 0;
				GCC_PREPROCESSOR_DEFINITIONS = (
					"DEBUG=1",
					"$(inherited)",
				);
				GCC_WARN_64_TO_32_BIT_CONVERSION = YES;
				GCC_WARN_ABOUT_RETURN_TYPE = YES_ERROR;
				GCC_WARN_UNDECLARED_SELECTOR = YES;
				GCC_WARN_UNINITIALIZED_AUTOS = YES_AGGRESSIVE;
				GCC_WARN_UNUSED_FUNCTION = YES;
				GCC_WARN_UNUSED_VARIABLE = YES;
				IPHONEOS_DEPLOYMENT_TARGET = 16.2;
				MTL_ENABLE_DEBUG_INFO = INCLUDE_SOURCE;
				MTL_FAST_MATH = YES;
				ONLY_ACTIVE_ARCH = YES;
				SDKROOT = iphoneos;
				SWIFT_ACTIVE_COMPILATION_CONDITIONS = DEBUG;
				SWIFT_OPTIMIZATION_LEVEL = "-Onone";
			};
			name = Debug;
		};
		8F81D9532A2F074D00EF1401 /* Release */ = {
			isa = XCBuildConfiguration;
			buildSettings = {
				ALWAYS_SEARCH_USER_PATHS = NO;
				CLANG_ANALYZER_NONNULL = YES;
				CLANG_ANALYZER_NUMBER_OBJECT_CONVERSION = YES_AGGRESSIVE;
				CLANG_CXX_LANGUAGE_STANDARD = "gnu++20";
				CLANG_ENABLE_MODULES = YES;
				CLANG_ENABLE_OBJC_ARC = YES;
				CLANG_ENABLE_OBJC_WEAK = YES;
				CLANG_WARN_BLOCK_CAPTURE_AUTORELEASING = YES;
				CLANG_WARN_BOOL_CONVERSION = YES;
				CLANG_WARN_COMMA = YES;
				CLANG_WARN_CONSTANT_CONVERSION = YES;
				CLANG_WARN_DEPRECATED_OBJC_IMPLEMENTATIONS = YES;
				CLANG_WARN_DIRECT_OBJC_ISA_USAGE = YES_ERROR;
				CLANG_WARN_DOCUMENTATION_COMMENTS = YES;
				CLANG_WARN_EMPTY_BODY = YES;
				CLANG_WARN_ENUM_CONVERSION = YES;
				CLANG_WARN_INFINITE_RECURSION = YES;
				CLANG_WARN_INT_CONVERSION = YES;
				CLANG_WARN_NON_LITERAL_NULL_CONVERSION = YES;
				CLANG_WARN_OBJC_IMPLICIT_RETAIN_SELF = YES;
				CLANG_WARN_OBJC_LITERAL_CONVERSION = YES;
				CLANG_WARN_OBJC_ROOT_CLASS = YES_ERROR;
				CLANG_WARN_QUOTED_INCLUDE_IN_FRAMEWORK_HEADER = YES;
				CLANG_WARN_RANGE_LOOP_ANALYSIS = YES;
				CLANG_WARN_STRICT_PROTOTYPES = YES;
				CLANG_WARN_SUSPICIOUS_MOVE = YES;
				CLANG_WARN_UNGUARDED_AVAILABILITY = YES_AGGRESSIVE;
				CLANG_WARN_UNREACHABLE_CODE = YES;
				CLANG_WARN__DUPLICATE_METHOD_MATCH = YES;
				COPY_PHASE_STRIP = NO;
				DEBUG_INFORMATION_FORMAT = "dwarf-with-dsym";
				ENABLE_NS_ASSERTIONS = NO;
				ENABLE_STRICT_OBJC_MSGSEND = YES;
				GCC_C_LANGUAGE_STANDARD = gnu11;
				GCC_NO_COMMON_BLOCKS = YES;
				GCC_WARN_64_TO_32_BIT_CONVERSION = YES;
				GCC_WARN_ABOUT_RETURN_TYPE = YES_ERROR;
				GCC_WARN_UNDECLARED_SELECTOR = YES;
				GCC_WARN_UNINITIALIZED_AUTOS = YES_AGGRESSIVE;
				GCC_WARN_UNUSED_FUNCTION = YES;
				GCC_WARN_UNUSED_VARIABLE = YES;
				IPHONEOS_DEPLOYMENT_TARGET = 16.2;
				MTL_ENABLE_DEBUG_INFO = NO;
				MTL_FAST_MATH = YES;
				SDKROOT = iphoneos;
				SWIFT_COMPILATION_MODE = wholemodule;
				SWIFT_OPTIMIZATION_LEVEL = "-O";
				VALIDATE_PRODUCT = YES;
			};
			name = Release;
		};
		8F81D9552A2F074D00EF1401 /* Debug */ = {
			isa = XCBuildConfiguration;
			buildSettings = {
				ASSETCATALOG_COMPILER_APPICON_NAME = AppIcon;
				ASSETCATALOG_COMPILER_GLOBAL_ACCENT_COLOR_NAME = AccentColor;
				CODE_SIGN_STYLE = Automatic;
				CURRENT_PROJECT_VERSION = 1;
				GENERATE_INFOPLIST_FILE = YES;
				INFOPLIST_FILE = "Shopping Cart/Info.plist";
				INFOPLIST_KEY_UIApplicationSupportsIndirectInputEvents = YES;
				INFOPLIST_KEY_UILaunchStoryboardName = LaunchScreen;
				INFOPLIST_KEY_UIMainStoryboardFile = Main;
				INFOPLIST_KEY_UISupportedInterfaceOrientations_iPad = "UIInterfaceOrientationPortrait UIInterfaceOrientationPortraitUpsideDown UIInterfaceOrientationLandscapeLeft UIInterfaceOrientationLandscapeRight";
				INFOPLIST_KEY_UISupportedInterfaceOrientations_iPhone = "UIInterfaceOrientationPortrait UIInterfaceOrientationLandscapeLeft UIInterfaceOrientationLandscapeRight";
				LD_RUNPATH_SEARCH_PATHS = (
					"$(inherited)",
					"@executable_path/Frameworks",
				);
				MARKETING_VERSION = 1.0;
				PRODUCT_BUNDLE_IDENTIFIER = "com.ganeshaguru.Shopping-Cart";
				PRODUCT_NAME = "$(TARGET_NAME)";
				SUPPORTED_PLATFORMS = "iphoneos iphonesimulator";
				SUPPORTS_MACCATALYST = NO;
				SUPPORTS_MAC_DESIGNED_FOR_IPHONE_IPAD = NO;
				SWIFT_EMIT_LOC_STRINGS = YES;
				SWIFT_VERSION = 5.0;
				TARGETED_DEVICE_FAMILY = "1,2";
			};
			name = Debug;
		};
		8F81D9562A2F074D00EF1401 /* Release */ = {
			isa = XCBuildConfiguration;
			buildSettings = {
				ASSETCATALOG_COMPILER_APPICON_NAME = AppIcon;
				ASSETCATALOG_COMPILER_GLOBAL_ACCENT_COLOR_NAME = AccentColor;
				CODE_SIGN_STYLE = Automatic;
				CURRENT_PROJECT_VERSION = 1;
				GENERATE_INFOPLIST_FILE = YES;
				INFOPLIST_FILE = "Shopping Cart/Info.plist";
				INFOPLIST_KEY_UIApplicationSupportsIndirectInputEvents = YES;
				INFOPLIST_KEY_UILaunchStoryboardName = LaunchScreen;
				INFOPLIST_KEY_UIMainStoryboardFile = Main;
				INFOPLIST_KEY_UISupportedInterfaceOrientations_iPad = "UIInterfaceOrientationPortrait UIInterfaceOrientationPortraitUpsideDown UIInterfaceOrientationLandscapeLeft UIInterfaceOrientationLandscapeRight";
				INFOPLIST_KEY_UISupportedInterfaceOrientations_iPhone = "UIInterfaceOrientationPortrait UIInterfaceOrientationLandscapeLeft UIInterfaceOrientationLandscapeRight";
				LD_RUNPATH_SEARCH_PATHS = (
					"$(inherited)",
					"@executable_path/Frameworks",
				);
				MARKETING_VERSION = 1.0;
				PRODUCT_BUNDLE_IDENTIFIER = "com.ganeshaguru.Shopping-Cart";
				PRODUCT_NAME = "$(TARGET_NAME)";
				SUPPORTED_PLATFORMS = "iphoneos iphonesimulator";
				SUPPORTS_MACCATALYST = NO;
				SUPPORTS_MAC_DESIGNED_FOR_IPHONE_IPAD = NO;
				SWIFT_EMIT_LOC_STRINGS = YES;
				SWIFT_VERSION = 5.0;
				TARGETED_DEVICE_FAMILY = "1,2";
			};
			name = Release;
		};
		8F81D9582A2F074D00EF1401 /* Debug */ = {
			isa = XCBuildConfiguration;
			buildSettings = {
				ALWAYS_EMBED_SWIFT_STANDARD_LIBRARIES = YES;
				BUNDLE_LOADER = "$(TEST_HOST)";
				CODE_SIGN_STYLE = Automatic;
				CURRENT_PROJECT_VERSION = 1;
				GENERATE_INFOPLIST_FILE = YES;
				IPHONEOS_DEPLOYMENT_TARGET = 16.2;
				MARKETING_VERSION = 1.0;
				PRODUCT_BUNDLE_IDENTIFIER = "com.ganeshaguru.Shopping-CartTests";
				PRODUCT_NAME = "$(TARGET_NAME)";
				SWIFT_EMIT_LOC_STRINGS = NO;
				SWIFT_VERSION = 5.0;
				TARGETED_DEVICE_FAMILY = "1,2";
				TEST_HOST = "$(BUILT_PRODUCTS_DIR)/Shopping Cart.app/$(BUNDLE_EXECUTABLE_FOLDER_PATH)/Shopping Cart";
			};
			name = Debug;
		};
		8F81D9592A2F074D00EF1401 /* Release */ = {
			isa = XCBuildConfiguration;
			buildSettings = {
				ALWAYS_EMBED_SWIFT_STANDARD_LIBRARIES = YES;
				BUNDLE_LOADER = "$(TEST_HOST)";
				CODE_SIGN_STYLE = Automatic;
				CURRENT_PROJECT_VERSION = 1;
				GENERATE_INFOPLIST_FILE = YES;
				IPHONEOS_DEPLOYMENT_TARGET = 16.2;
				MARKETING_VERSION = 1.0;
				PRODUCT_BUNDLE_IDENTIFIER = "com.ganeshaguru.Shopping-CartTests";
				PRODUCT_NAME = "$(TARGET_NAME)";
				SWIFT_EMIT_LOC_STRINGS = NO;
				SWIFT_VERSION = 5.0;
				TARGETED_DEVICE_FAMILY = "1,2";
				TEST_HOST = "$(BUILT_PRODUCTS_DIR)/Shopping Cart.app/$(BUNDLE_EXECUTABLE_FOLDER_PATH)/Shopping Cart";
			};
			name = Release;
		};
		8F81D95B2A2F074D00EF1401 /* Debug */ = {
			isa = XCBuildConfiguration;
			buildSettings = {
				ALWAYS_EMBED_SWIFT_STANDARD_LIBRARIES = YES;
				CODE_SIGN_STYLE = Automatic;
				CURRENT_PROJECT_VERSION = 1;
				GENERATE_INFOPLIST_FILE = YES;
				MARKETING_VERSION = 1.0;
				PRODUCT_BUNDLE_IDENTIFIER = "com.ganeshaguru.Shopping-CartUITests";
				PRODUCT_NAME = "$(TARGET_NAME)";
				SWIFT_EMIT_LOC_STRINGS = NO;
				SWIFT_VERSION = 5.0;
				TARGETED_DEVICE_FAMILY = "1,2";
				TEST_TARGET_NAME = "Shopping Cart";
			};
			name = Debug;
		};
		8F81D95C2A2F074D00EF1401 /* Release */ = {
			isa = XCBuildConfiguration;
			buildSettings = {
				ALWAYS_EMBED_SWIFT_STANDARD_LIBRARIES = YES;
				CODE_SIGN_STYLE = Automatic;
				CURRENT_PROJECT_VERSION = 1;
				GENERATE_INFOPLIST_FILE = YES;
				MARKETING_VERSION = 1.0;
				PRODUCT_BUNDLE_IDENTIFIER = "com.ganeshaguru.Shopping-CartUITests";
				PRODUCT_NAME = "$(TARGET_NAME)";
				SWIFT_EMIT_LOC_STRINGS = NO;
				SWIFT_VERSION = 5.0;
				TARGETED_DEVICE_FAMILY = "1,2";
				TEST_TARGET_NAME = "Shopping Cart";
			};
			name = Release;
		};
/* End XCBuildConfiguration section */

/* Begin XCConfigurationList section */
		8F81D9222A2F074A00EF1401 /* Build configuration list for PBXProject "Shopping Cart" */ = {
			isa = XCConfigurationList;
			buildConfigurations = (
				8F81D9522A2F074D00EF1401 /* Debug */,
				8F81D9532A2F074D00EF1401 /* Release */,
			);
			defaultConfigurationIsVisible = 0;
			defaultConfigurationName = Release;
		};
		8F81D9542A2F074D00EF1401 /* Build configuration list for PBXNativeTarget "Shopping Cart" */ = {
			isa = XCConfigurationList;
			buildConfigurations = (
				8F81D9552A2F074D00EF1401 /* Debug */,
				8F81D9562A2F074D00EF1401 /* Release */,
			);
			defaultConfigurationIsVisible = 0;
			defaultConfigurationName = Release;
		};
		8F81D9572A2F074D00EF1401 /* Build configuration list for PBXNativeTarget "Shopping CartTests" */ = {
			isa = XCConfigurationList;
			buildConfigurations = (
				8F81D9582A2F074D00EF1401 /* Debug */,
				8F81D9592A2F074D00EF1401 /* Release */,
			);
			defaultConfigurationIsVisible = 0;
			defaultConfigurationName = Release;
		};
		8F81D95A2A2F074D00EF1401 /* Build configuration list for PBXNativeTarget "Shopping CartUITests" */ = {
			isa = XCConfigurationList;
			buildConfigurations = (
				8F81D95B2A2F074D00EF1401 /* Debug */,
				8F81D95C2A2F074D00EF1401 /* Release */,
			);
			defaultConfigurationIsVisible = 0;
			defaultConfigurationName = Release;
		};
/* End XCConfigurationList section */

/* Begin XCVersionGroup section */
		8F81D9332A2F074B00EF1401 /* Shopping_Cart.xcdatamodeld */ = {
			isa = XCVersionGroup;
			children = (
				8F81D9342A2F074B00EF1401 /* Shopping_Cart.xcdatamodel */,
			);
			currentVersion = 8F81D9342A2F074B00EF1401 /* Shopping_Cart.xcdatamodel */;
			path = Shopping_Cart.xcdatamodeld;
			sourceTree = "<group>";
			versionGroupType = wrapper.xcdatamodel;
		};
/* End XCVersionGroup section */
	};
	rootObject = 8F81D91F2A2F074A00EF1401 /* Project object */;
}
